
Microsoft Visual Studio Solution File, Format Version 11.00
# Visual Studio 2010
Project("{8BC9CEB8-8B4A-11D0-8D11-00A0C91BC942}") = "Practica2", "Practica2.vcxproj", "{13C97F60-E2FD-49E9-8A85-163D1ABD5936}"
EndProject
Global
	GlobalSection(SolutionConfigurationPlatforms) = preSolution
		Debug|Win32 = Debug|Win32
		Release|Win32 = Release|Win32
	EndGlobalSection
	GlobalSection(ProjectConfigurationPlatforms) = postSolution
		{13C97F60-E2FD-49E9-8A85-163D1ABD5936}.Debug|Win32.ActiveCfg = Debug|Win32
		{13C97F60-E2FD-49E9-8A85-163D1ABD5936}.Debug|Win32.Build.0 = Debug|Win32
		{13C97F60-E2FD-49E9-8A85-163D1ABD5936}.Release|Win32.ActiveCfg = Release|Win32
		{13C97F60-E2FD-49E9-8A85-163D1ABD5936}.Release|Win32.Build.0 = Release|Win32
	EndGlobalSection
	GlobalSection(SolutionProperties) = preSolution
		HideSolutionNode = FALSE
	EndGlobalSection
EndGlobal
